// !$*UTF8*$!
{
	archiveVersion = 1;
	classes = {
	};
	objectVersion = 55;
	objects = {

/* Begin PBXBuildFile section */
		1C98A6BC27C43540008AD016 /* AppDelegate.swift in Sources */ = {isa = PBXBuildFile; fileRef = 1C98A6BB27C43540008AD016 /* AppDelegate.swift */; };
		1C98A6BE27C43540008AD016 /* SceneDelegate.swift in Sources */ = {isa = PBXBuildFile; fileRef = 1C98A6BD27C43540008AD016 /* SceneDelegate.swift */; };
		1C98A6C027C43540008AD016 /* MainViewController.swift in Sources */ = {isa = PBXBuildFile; fileRef = 1C98A6BF27C43540008AD016 /* MainViewController.swift */; };
		1C98A6C527C43541008AD016 /* Assets.xcassets in Resources */ = {isa = PBXBuildFile; fileRef = 1C98A6C427C43541008AD016 /* Assets.xcassets */; };
		1C98A6C827C43541008AD016 /* LaunchScreen.storyboard in Resources */ = {isa = PBXBuildFile; fileRef = 1C98A6C627C43541008AD016 /* LaunchScreen.storyboard */; };
		1C98A6D327C43541008AD016 /* SwordHealthChallengeTests.swift in Sources */ = {isa = PBXBuildFile; fileRef = 1C98A6D227C43541008AD016 /* SwordHealthChallengeTests.swift */; };
		1C98A6DD27C43541008AD016 /* SwordHealthChallengeUITests.swift in Sources */ = {isa = PBXBuildFile; fileRef = 1C98A6DC27C43541008AD016 /* SwordHealthChallengeUITests.swift */; };
		1C98A6DF27C43541008AD016 /* SwordHealthChallengeUITestsLaunchTests.swift in Sources */ = {isa = PBXBuildFile; fileRef = 1C98A6DE27C43541008AD016 /* SwordHealthChallengeUITestsLaunchTests.swift */; };
		1C98A6F127C437F4008AD016 /* MainCoordinator.swift in Sources */ = {isa = PBXBuildFile; fileRef = 1C98A6F027C437F4008AD016 /* MainCoordinator.swift */; };
		1C98A6F627C43914008AD016 /* ListViewController.swift in Sources */ = {isa = PBXBuildFile; fileRef = 1C98A6F527C43914008AD016 /* ListViewController.swift */; };
		1C98A6F827C43954008AD016 /* SearchViewController.swift in Sources */ = {isa = PBXBuildFile; fileRef = 1C98A6F727C43954008AD016 /* SearchViewController.swift */; };
		1C98A6FA27C43965008AD016 /* DetailViewController.swift in Sources */ = {isa = PBXBuildFile; fileRef = 1C98A6F927C43965008AD016 /* DetailViewController.swift */; };
		1C98A6FD27C44039008AD016 /* UseCase.swift in Sources */ = {isa = PBXBuildFile; fileRef = 1C98A6FC27C44039008AD016 /* UseCase.swift */; };
		1C98A6FF27C4406B008AD016 /* GetDogBreedUseCase.swift in Sources */ = {isa = PBXBuildFile; fileRef = 1C98A6FE27C4406B008AD016 /* GetDogBreedUseCase.swift */; };
		1C98A70527C440F1008AD016 /* DogBreedRepository.swift in Sources */ = {isa = PBXBuildFile; fileRef = 1C98A70427C440F1008AD016 /* DogBreedRepository.swift */; };
		1C98A70727C44133008AD016 /* DogBreed.swift in Sources */ = {isa = PBXBuildFile; fileRef = 1C98A70627C44133008AD016 /* DogBreed.swift */; };
		1C98A70C27C4418A008AD016 /* DogBreedStore.swift in Sources */ = {isa = PBXBuildFile; fileRef = 1C98A70B27C4418A008AD016 /* DogBreedStore.swift */; };
		1C98A70E27C441C6008AD016 /* DogBreedService.swift in Sources */ = {isa = PBXBuildFile; fileRef = 1C98A70D27C441C6008AD016 /* DogBreedService.swift */; };
		1C98A71027C44484008AD016 /* ListViewModel.swift in Sources */ = {isa = PBXBuildFile; fileRef = 1C98A70F27C44484008AD016 /* ListViewModel.swift */; };
/* End PBXBuildFile section */

/* Begin PBXContainerItemProxy section */
		1C98A6CF27C43541008AD016 /* PBXContainerItemProxy */ = {
			isa = PBXContainerItemProxy;
			containerPortal = 1C98A6B027C43540008AD016 /* Project object */;
			proxyType = 1;
			remoteGlobalIDString = 1C98A6B727C43540008AD016;
			remoteInfo = SwordHealthChallenge;
		};
		1C98A6D927C43541008AD016 /* PBXContainerItemProxy */ = {
			isa = PBXContainerItemProxy;
			containerPortal = 1C98A6B027C43540008AD016 /* Project object */;
			proxyType = 1;
			remoteGlobalIDString = 1C98A6B727C43540008AD016;
			remoteInfo = SwordHealthChallenge;
		};
/* End PBXContainerItemProxy section */

/* Begin PBXFileReference section */
		1C98A6B827C43540008AD016 /* SwordHealthChallenge.app */ = {isa = PBXFileReference; explicitFileType = wrapper.application; includeInIndex = 0; path = SwordHealthChallenge.app; sourceTree = BUILT_PRODUCTS_DIR; };
		1C98A6BB27C43540008AD016 /* AppDelegate.swift */ = {isa = PBXFileReference; lastKnownFileType = sourcecode.swift; path = AppDelegate.swift; sourceTree = "<group>"; };
		1C98A6BD27C43540008AD016 /* SceneDelegate.swift */ = {isa = PBXFileReference; lastKnownFileType = sourcecode.swift; path = SceneDelegate.swift; sourceTree = "<group>"; };
		1C98A6BF27C43540008AD016 /* MainViewController.swift */ = {isa = PBXFileReference; lastKnownFileType = sourcecode.swift; path = MainViewController.swift; sourceTree = "<group>"; };
		1C98A6C427C43541008AD016 /* Assets.xcassets */ = {isa = PBXFileReference; lastKnownFileType = folder.assetcatalog; path = Assets.xcassets; sourceTree = "<group>"; };
		1C98A6C727C43541008AD016 /* Base */ = {isa = PBXFileReference; lastKnownFileType = file.storyboard; name = Base; path = Base.lproj/LaunchScreen.storyboard; sourceTree = "<group>"; };
		1C98A6C927C43541008AD016 /* Info.plist */ = {isa = PBXFileReference; lastKnownFileType = text.plist.xml; path = Info.plist; sourceTree = "<group>"; };
		1C98A6CE27C43541008AD016 /* SwordHealthChallengeTests.xctest */ = {isa = PBXFileReference; explicitFileType = wrapper.cfbundle; includeInIndex = 0; path = SwordHealthChallengeTests.xctest; sourceTree = BUILT_PRODUCTS_DIR; };
		1C98A6D227C43541008AD016 /* SwordHealthChallengeTests.swift */ = {isa = PBXFileReference; lastKnownFileType = sourcecode.swift; path = SwordHealthChallengeTests.swift; sourceTree = "<group>"; };
		1C98A6D827C43541008AD016 /* SwordHealthChallengeUITests.xctest */ = {isa = PBXFileReference; explicitFileType = wrapper.cfbundle; includeInIndex = 0; path = SwordHealthChallengeUITests.xctest; sourceTree = BUILT_PRODUCTS_DIR; };
		1C98A6DC27C43541008AD016 /* SwordHealthChallengeUITests.swift */ = {isa = PBXFileReference; lastKnownFileType = sourcecode.swift; path = SwordHealthChallengeUITests.swift; sourceTree = "<group>"; };
		1C98A6DE27C43541008AD016 /* SwordHealthChallengeUITestsLaunchTests.swift */ = {isa = PBXFileReference; lastKnownFileType = sourcecode.swift; path = SwordHealthChallengeUITestsLaunchTests.swift; sourceTree = "<group>"; };
		1C98A6F027C437F4008AD016 /* MainCoordinator.swift */ = {isa = PBXFileReference; lastKnownFileType = sourcecode.swift; path = MainCoordinator.swift; sourceTree = "<group>"; };
		1C98A6F527C43914008AD016 /* ListViewController.swift */ = {isa = PBXFileReference; lastKnownFileType = sourcecode.swift; path = ListViewController.swift; sourceTree = "<group>"; };
		1C98A6F727C43954008AD016 /* SearchViewController.swift */ = {isa = PBXFileReference; lastKnownFileType = sourcecode.swift; path = SearchViewController.swift; sourceTree = "<group>"; };
		1C98A6F927C43965008AD016 /* DetailViewController.swift */ = {isa = PBXFileReference; lastKnownFileType = sourcecode.swift; path = DetailViewController.swift; sourceTree = "<group>"; };
		1C98A6FC27C44039008AD016 /* UseCase.swift */ = {isa = PBXFileReference; lastKnownFileType = sourcecode.swift; path = UseCase.swift; sourceTree = "<group>"; };
		1C98A6FE27C4406B008AD016 /* GetDogBreedUseCase.swift */ = {isa = PBXFileReference; lastKnownFileType = sourcecode.swift; path = GetDogBreedUseCase.swift; sourceTree = "<group>"; };
		1C98A70427C440F1008AD016 /* DogBreedRepository.swift */ = {isa = PBXFileReference; lastKnownFileType = sourcecode.swift; path = DogBreedRepository.swift; sourceTree = "<group>"; };
		1C98A70627C44133008AD016 /* DogBreed.swift */ = {isa = PBXFileReference; lastKnownFileType = sourcecode.swift; path = DogBreed.swift; sourceTree = "<group>"; };
		1C98A70B27C4418A008AD016 /* DogBreedStore.swift */ = {isa = PBXFileReference; lastKnownFileType = sourcecode.swift; path = DogBreedStore.swift; sourceTree = "<group>"; };
		1C98A70D27C441C6008AD016 /* DogBreedService.swift */ = {isa = PBXFileReference; lastKnownFileType = sourcecode.swift; path = DogBreedService.swift; sourceTree = "<group>"; };
		1C98A70F27C44484008AD016 /* ListViewModel.swift */ = {isa = PBXFileReference; lastKnownFileType = sourcecode.swift; path = ListViewModel.swift; sourceTree = "<group>"; };
/* End PBXFileReference section */

/* Begin PBXFrameworksBuildPhase section */
		1C98A6B527C43540008AD016 /* Frameworks */ = {
			isa = PBXFrameworksBuildPhase;
			buildActionMask = 2147483647;
			files = (
			);
			runOnlyForDeploymentPostprocessing = 0;
		};
		1C98A6CB27C43541008AD016 /* Frameworks */ = {
			isa = PBXFrameworksBuildPhase;
			buildActionMask = 2147483647;
			files = (
			);
			runOnlyForDeploymentPostprocessing = 0;
		};
		1C98A6D527C43541008AD016 /* Frameworks */ = {
			isa = PBXFrameworksBuildPhase;
			buildActionMask = 2147483647;
			files = (
			);
			runOnlyForDeploymentPostprocessing = 0;
		};
/* End PBXFrameworksBuildPhase section */

/* Begin PBXGroup section */
		1C98A6AF27C43540008AD016 = {
			isa = PBXGroup;
			children = (
				1C98A6BA27C43540008AD016 /* SwordHealthChallenge */,
				1C98A6D127C43541008AD016 /* SwordHealthChallengeTests */,
				1C98A6DB27C43541008AD016 /* SwordHealthChallengeUITests */,
				1C98A6B927C43540008AD016 /* Products */,
			);
			sourceTree = "<group>";
		};
		1C98A6B927C43540008AD016 /* Products */ = {
			isa = PBXGroup;
			children = (
				1C98A6B827C43540008AD016 /* SwordHealthChallenge.app */,
				1C98A6CE27C43541008AD016 /* SwordHealthChallengeTests.xctest */,
				1C98A6D827C43541008AD016 /* SwordHealthChallengeUITests.xctest */,
			);
			name = Products;
			sourceTree = "<group>";
		};
		1C98A6BA27C43540008AD016 /* SwordHealthChallenge */ = {
			isa = PBXGroup;
			children = (
				1C98A6EB27C435BF008AD016 /* Application */,
				1C98A6EC27C4372A008AD016 /* Sources */,
				1C98A6ED27C43735008AD016 /* Domain */,
				1C98A6EE27C43740008AD016 /* Data */,
				1C98A6C427C43541008AD016 /* Assets.xcassets */,
				1C98A6C627C43541008AD016 /* LaunchScreen.storyboard */,
				1C98A6C927C43541008AD016 /* Info.plist */,
			);
			path = SwordHealthChallenge;
			sourceTree = "<group>";
		};
		1C98A6D127C43541008AD016 /* SwordHealthChallengeTests */ = {
			isa = PBXGroup;
			children = (
				1C98A6D227C43541008AD016 /* SwordHealthChallengeTests.swift */,
			);
			path = SwordHealthChallengeTests;
			sourceTree = "<group>";
		};
		1C98A6DB27C43541008AD016 /* SwordHealthChallengeUITests */ = {
			isa = PBXGroup;
			children = (
				1C98A6DC27C43541008AD016 /* SwordHealthChallengeUITests.swift */,
				1C98A6DE27C43541008AD016 /* SwordHealthChallengeUITestsLaunchTests.swift */,
			);
			path = SwordHealthChallengeUITests;
			sourceTree = "<group>";
		};
		1C98A6EB27C435BF008AD016 /* Application */ = {
			isa = PBXGroup;
			children = (
				1C98A6BD27C43540008AD016 /* SceneDelegate.swift */,
				1C98A6BB27C43540008AD016 /* AppDelegate.swift */,
			);
			path = Application;
			sourceTree = "<group>";
		};
		1C98A6EC27C4372A008AD016 /* Sources */ = {
			isa = PBXGroup;
			children = (
				1C98A6EF27C43752008AD016 /* Main */,
				1C98A6F227C438D5008AD016 /* List */,
				1C98A6F327C438DE008AD016 /* Search */,
				1C98A6F427C438E3008AD016 /* Detail */,
			);
			path = Sources;
			sourceTree = "<group>";
		};
		1C98A6ED27C43735008AD016 /* Domain */ = {
			isa = PBXGroup;
			children = (
				1C98A6FC27C44039008AD016 /* UseCase.swift */,
				1C98A6FB27C44023008AD016 /* DogsRepo */,
			);
			path = Domain;
			sourceTree = "<group>";
		};
		1C98A6EE27C43740008AD016 /* Data */ = {
			isa = PBXGroup;
			children = (
				1C98A70027C4409D008AD016 /* Repository */,
				1C98A70227C440AD008AD016 /* Model */,
				1C98A70127C440A8008AD016 /* Service */,
				1C98A70327C440B5008AD016 /* Store */,
			);
			path = Data;
			sourceTree = "<group>";
		};
		1C98A6EF27C43752008AD016 /* Main */ = {
			isa = PBXGroup;
			children = (
				1C98A6BF27C43540008AD016 /* MainViewController.swift */,
				1C98A6F027C437F4008AD016 /* MainCoordinator.swift */,
			);
			path = Main;
			sourceTree = "<group>";
		};
		1C98A6F227C438D5008AD016 /* List */ = {
			isa = PBXGroup;
			children = (
				1C98A6F527C43914008AD016 /* ListViewController.swift */,
				1C98A70F27C44484008AD016 /* ListViewModel.swift */,
			);
			path = List;
			sourceTree = "<group>";
		};
		1C98A6F327C438DE008AD016 /* Search */ = {
			isa = PBXGroup;
			children = (
				1C98A6F727C43954008AD016 /* SearchViewController.swift */,
			);
			path = Search;
			sourceTree = "<group>";
		};
		1C98A6F427C438E3008AD016 /* Detail */ = {
			isa = PBXGroup;
			children = (
				1C98A6F927C43965008AD016 /* DetailViewController.swift */,
			);
			path = Detail;
			sourceTree = "<group>";
		};
		1C98A6FB27C44023008AD016 /* DogsRepo */ = {
			isa = PBXGroup;
			children = (
				1C98A6FE27C4406B008AD016 /* GetDogBreedUseCase.swift */,
			);
			path = DogsRepo;
			sourceTree = "<group>";
		};
		1C98A70027C4409D008AD016 /* Repository */ = {
			isa = PBXGroup;
			children = (
				1C98A70427C440F1008AD016 /* DogBreedRepository.swift */,
			);
			path = Repository;
			sourceTree = "<group>";
		};
		1C98A70127C440A8008AD016 /* Service */ = {
			isa = PBXGroup;
			children = (
				1C98A70D27C441C6008AD016 /* DogBreedService.swift */,
			);
			path = Service;
			sourceTree = "<group>";
		};
		1C98A70227C440AD008AD016 /* Model */ = {
			isa = PBXGroup;
			children = (
				1C98A70627C44133008AD016 /* DogBreed.swift */,
			);
			path = Model;
			sourceTree = "<group>";
		};
		1C98A70327C440B5008AD016 /* Store */ = {
			isa = PBXGroup;
			children = (
				1C98A70B27C4418A008AD016 /* DogBreedStore.swift */,
			);
			path = Store;
			sourceTree = "<group>";
		};
/* End PBXGroup section */

/* Begin PBXNativeTarget section */
		1C98A6B727C43540008AD016 /* SwordHealthChallenge */ = {
			isa = PBXNativeTarget;
			buildConfigurationList = 1C98A6E227C43541008AD016 /* Build configuration list for PBXNativeTarget "SwordHealthChallenge" */;
			buildPhases = (
				1C98A6B427C43540008AD016 /* Sources */,
				1C98A6B527C43540008AD016 /* Frameworks */,
				1C98A6B627C43540008AD016 /* Resources */,
			);
			buildRules = (
			);
			dependencies = (
			);
			name = SwordHealthChallenge;
			productName = SwordHealthChallenge;
			productReference = 1C98A6B827C43540008AD016 /* SwordHealthChallenge.app */;
			productType = "com.apple.product-type.application";
		};
		1C98A6CD27C43541008AD016 /* SwordHealthChallengeTests */ = {
			isa = PBXNativeTarget;
			buildConfigurationList = 1C98A6E527C43541008AD016 /* Build configuration list for PBXNativeTarget "SwordHealthChallengeTests" */;
			buildPhases = (
				1C98A6CA27C43541008AD016 /* Sources */,
				1C98A6CB27C43541008AD016 /* Frameworks */,
				1C98A6CC27C43541008AD016 /* Resources */,
			);
			buildRules = (
			);
			dependencies = (
				1C98A6D027C43541008AD016 /* PBXTargetDependency */,
			);
			name = SwordHealthChallengeTests;
			productName = SwordHealthChallengeTests;
			productReference = 1C98A6CE27C43541008AD016 /* SwordHealthChallengeTests.xctest */;
			productType = "com.apple.product-type.bundle.unit-test";
		};
		1C98A6D727C43541008AD016 /* SwordHealthChallengeUITests */ = {
			isa = PBXNativeTarget;
			buildConfigurationList = 1C98A6E827C43541008AD016 /* Build configuration list for PBXNativeTarget "SwordHealthChallengeUITests" */;
			buildPhases = (
				1C98A6D427C43541008AD016 /* Sources */,
				1C98A6D527C43541008AD016 /* Frameworks */,
				1C98A6D627C43541008AD016 /* Resources */,
			);
			buildRules = (
			);
			dependencies = (
				1C98A6DA27C43541008AD016 /* PBXTargetDependency */,
			);
			name = SwordHealthChallengeUITests;
			productName = SwordHealthChallengeUITests;
			productReference = 1C98A6D827C43541008AD016 /* SwordHealthChallengeUITests.xctest */;
			productType = "com.apple.product-type.bundle.ui-testing";
		};
/* End PBXNativeTarget section */

/* Begin PBXProject section */
		1C98A6B027C43540008AD016 /* Project object */ = {
			isa = PBXProject;
			attributes = {
				BuildIndependentTargetsInParallel = 1;
				LastSwiftUpdateCheck = 1320;
				LastUpgradeCheck = 1320;
				TargetAttributes = {
					1C98A6B727C43540008AD016 = {
						CreatedOnToolsVersion = 13.2;
					};
					1C98A6CD27C43541008AD016 = {
						CreatedOnToolsVersion = 13.2;
						TestTargetID = 1C98A6B727C43540008AD016;
					};
					1C98A6D727C43541008AD016 = {
						CreatedOnToolsVersion = 13.2;
						TestTargetID = 1C98A6B727C43540008AD016;
					};
				};
			};
			buildConfigurationList = 1C98A6B327C43540008AD016 /* Build configuration list for PBXProject "SwordHealthChallenge" */;
			compatibilityVersion = "Xcode 13.0";
			developmentRegion = en;
			hasScannedForEncodings = 0;
			knownRegions = (
				en,
				Base,
			);
			mainGroup = 1C98A6AF27C43540008AD016;
			productRefGroup = 1C98A6B927C43540008AD016 /* Products */;
			projectDirPath = "";
			projectRoot = "";
			targets = (
				1C98A6B727C43540008AD016 /* SwordHealthChallenge */,
				1C98A6CD27C43541008AD016 /* SwordHealthChallengeTests */,
				1C98A6D727C43541008AD016 /* SwordHealthChallengeUITests */,
			);
		};
/* End PBXProject section */

/* Begin PBXResourcesBuildPhase section */
		1C98A6B627C43540008AD016 /* Resources */ = {
			isa = PBXResourcesBuildPhase;
			buildActionMask = 2147483647;
			files = (
				1C98A6C827C43541008AD016 /* LaunchScreen.storyboard in Resources */,
				1C98A6C527C43541008AD016 /* Assets.xcassets in Resources */,
			);
			runOnlyForDeploymentPostprocessing = 0;
		};
		1C98A6CC27C43541008AD016 /* Resources */ = {
			isa = PBXResourcesBuildPhase;
			buildActionMask = 2147483647;
			files = (
			);
			runOnlyForDeploymentPostprocessing = 0;
		};
		1C98A6D627C43541008AD016 /* Resources */ = {
			isa = PBXResourcesBuildPhase;
			buildActionMask = 2147483647;
			files = (
			);
			runOnlyForDeploymentPostprocessing = 0;
		};
/* End PBXResourcesBuildPhase section */

/* Begin PBXSourcesBuildPhase section */
		1C98A6B427C43540008AD016 /* Sources */ = {
			isa = PBXSourcesBuildPhase;
			buildActionMask = 2147483647;
			files = (
				1C98A6F827C43954008AD016 /* SearchViewController.swift in Sources */,
				1C98A70727C44133008AD016 /* DogBreed.swift in Sources */,
				1C98A71027C44484008AD016 /* ListViewModel.swift in Sources */,
				1C98A6FD27C44039008AD016 /* UseCase.swift in Sources */,
				1C98A70C27C4418A008AD016 /* DogBreedStore.swift in Sources */,
				1C98A6FF27C4406B008AD016 /* GetDogBreedUseCase.swift in Sources */,
				1C98A6C027C43540008AD016 /* MainViewController.swift in Sources */,
				1C98A70E27C441C6008AD016 /* DogBreedService.swift in Sources */,
				1C98A6F127C437F4008AD016 /* MainCoordinator.swift in Sources */,
				1C98A6BC27C43540008AD016 /* AppDelegate.swift in Sources */,
				1C98A6F627C43914008AD016 /* ListViewController.swift in Sources */,
				1C98A70527C440F1008AD016 /* DogBreedRepository.swift in Sources */,
				1C98A6BE27C43540008AD016 /* SceneDelegate.swift in Sources */,
				1C98A6FA27C43965008AD016 /* DetailViewController.swift in Sources */,
			);
			runOnlyForDeploymentPostprocessing = 0;
		};
		1C98A6CA27C43541008AD016 /* Sources */ = {
			isa = PBXSourcesBuildPhase;
			buildActionMask = 2147483647;
			files = (
				1C98A6D327C43541008AD016 /* SwordHealthChallengeTests.swift in Sources */,
			);
			runOnlyForDeploymentPostprocessing = 0;
		};
		1C98A6D427C43541008AD016 /* Sources */ = {
			isa = PBXSourcesBuildPhase;
			buildActionMask = 2147483647;
			files = (
				1C98A6DF27C43541008AD016 /* SwordHealthChallengeUITestsLaunchTests.swift in Sources */,
				1C98A6DD27C43541008AD016 /* SwordHealthChallengeUITests.swift in Sources */,
			);
			runOnlyForDeploymentPostprocessing = 0;
		};
/* End PBXSourcesBuildPhase section */

/* Begin PBXTargetDependency section */
		1C98A6D027C43541008AD016 /* PBXTargetDependency */ = {
			isa = PBXTargetDependency;
			target = 1C98A6B727C43540008AD016 /* SwordHealthChallenge */;
			targetProxy = 1C98A6CF27C43541008AD016 /* PBXContainerItemProxy */;
		};
		1C98A6DA27C43541008AD016 /* PBXTargetDependency */ = {
			isa = PBXTargetDependency;
			target = 1C98A6B727C43540008AD016 /* SwordHealthChallenge */;
			targetProxy = 1C98A6D927C43541008AD016 /* PBXContainerItemProxy */;
		};
/* End PBXTargetDependency section */

/* Begin PBXVariantGroup section */
		1C98A6C627C43541008AD016 /* LaunchScreen.storyboard */ = {
			isa = PBXVariantGroup;
			children = (
				1C98A6C727C43541008AD016 /* Base */,
			);
			name = LaunchScreen.storyboard;
			sourceTree = "<group>";
		};
/* End PBXVariantGroup section */

/* Begin XCBuildConfiguration section */
		1C98A6E027C43541008AD016 /* Debug */ = {
			isa = XCBuildConfiguration;
			buildSettings = {
				ALWAYS_SEARCH_USER_PATHS = NO;
				CLANG_ANALYZER_NONNULL = YES;
				CLANG_ANALYZER_NUMBER_OBJECT_CONVERSION = YES_AGGRESSIVE;
				CLANG_CXX_LANGUAGE_STANDARD = "gnu++17";
				CLANG_CXX_LIBRARY = "libc++";
				CLANG_ENABLE_MODULES = YES;
				CLANG_ENABLE_OBJC_ARC = YES;
				CLANG_ENABLE_OBJC_WEAK = YES;
				CLANG_WARN_BLOCK_CAPTURE_AUTORELEASING = YES;
				CLANG_WARN_BOOL_CONVERSION = YES;
				CLANG_WARN_COMMA = YES;
				CLANG_WARN_CONSTANT_CONVERSION = YES;
				CLANG_WARN_DEPRECATED_OBJC_IMPLEMENTATIONS = YES;
				CLANG_WARN_DIRECT_OBJC_ISA_USAGE = YES_ERROR;
				CLANG_WARN_DOCUMENTATION_COMMENTS = YES;
				CLANG_WARN_EMPTY_BODY = YES;
				CLANG_WARN_ENUM_CONVERSION = YES;
				CLANG_WARN_INFINITE_RECURSION = YES;
				CLANG_WARN_INT_CONVERSION = YES;
				CLANG_WARN_NON_LITERAL_NULL_CONVERSION = YES;
				CLANG_WARN_OBJC_IMPLICIT_RETAIN_SELF = YES;
				CLANG_WARN_OBJC_LITERAL_CONVERSION = YES;
				CLANG_WARN_OBJC_ROOT_CLASS = YES_ERROR;
				CLANG_WARN_QUOTED_INCLUDE_IN_FRAMEWORK_HEADER = YES;
				CLANG_WARN_RANGE_LOOP_ANALYSIS = YES;
				CLANG_WARN_STRICT_PROTOTYPES = YES;
				CLANG_WARN_SUSPICIOUS_MOVE = YES;
				CLANG_WARN_UNGUARDED_AVAILABILITY = YES_AGGRESSIVE;
				CLANG_WARN_UNREACHABLE_CODE = YES;
				CLANG_WARN__DUPLICATE_METHOD_MATCH = YES;
				COPY_PHASE_STRIP = NO;
				DEBUG_INFORMATION_FORMAT = dwarf;
				ENABLE_STRICT_OBJC_MSGSEND = YES;
				ENABLE_TESTABILITY = YES;
				GCC_C_LANGUAGE_STANDARD = gnu11;
				GCC_DYNAMIC_NO_PIC = NO;
				GCC_NO_COMMON_BLOCKS = YES;
				GCC_OPTIMIZATION_LEVEL = 0;
				GCC_PREPROCESSOR_DEFINITIONS = (
					"DEBUG=1",
					"$(inherited)",
				);
				GCC_WARN_64_TO_32_BIT_CONVERSION = YES;
				GCC_WARN_ABOUT_RETURN_TYPE = YES_ERROR;
				GCC_WARN_UNDECLARED_SELECTOR = YES;
				GCC_WARN_UNINITIALIZED_AUTOS = YES_AGGRESSIVE;
				GCC_WARN_UNUSED_FUNCTION = YES;
				GCC_WARN_UNUSED_VARIABLE = YES;
				IPHONEOS_DEPLOYMENT_TARGET = 15.2;
				MTL_ENABLE_DEBUG_INFO = INCLUDE_SOURCE;
				MTL_FAST_MATH = YES;
				ONLY_ACTIVE_ARCH = YES;
				SDKROOT = iphoneos;
				SWIFT_ACTIVE_COMPILATION_CONDITIONS = DEBUG;
				SWIFT_OPTIMIZATION_LEVEL = "-Onone";
			};
			name = Debug;
		};
		1C98A6E127C43541008AD016 /* Release */ = {
			isa = XCBuildConfiguration;
			buildSettings = {
				ALWAYS_SEARCH_USER_PATHS = NO;
				CLANG_ANALYZER_NONNULL = YES;
				CLANG_ANALYZER_NUMBER_OBJECT_CONVERSION = YES_AGGRESSIVE;
				CLANG_CXX_LANGUAGE_STANDARD = "gnu++17";
				CLANG_CXX_LIBRARY = "libc++";
				CLANG_ENABLE_MODULES = YES;
				CLANG_ENABLE_OBJC_ARC = YES;
				CLANG_ENABLE_OBJC_WEAK = YES;
				CLANG_WARN_BLOCK_CAPTURE_AUTORELEASING = YES;
				CLANG_WARN_BOOL_CONVERSION = YES;
				CLANG_WARN_COMMA = YES;
				CLANG_WARN_CONSTANT_CONVERSION = YES;
				CLANG_WARN_DEPRECATED_OBJC_IMPLEMENTATIONS = YES;
				CLANG_WARN_DIRECT_OBJC_ISA_USAGE = YES_ERROR;
				CLANG_WARN_DOCUMENTATION_COMMENTS = YES;
				CLANG_WARN_EMPTY_BODY = YES;
				CLANG_WARN_ENUM_CONVERSION = YES;
				CLANG_WARN_INFINITE_RECURSION = YES;
				CLANG_WARN_INT_CONVERSION = YES;
				CLANG_WARN_NON_LITERAL_NULL_CONVERSION = YES;
				CLANG_WARN_OBJC_IMPLICIT_RETAIN_SELF = YES;
				CLANG_WARN_OBJC_LITERAL_CONVERSION = YES;
				CLANG_WARN_OBJC_ROOT_CLASS = YES_ERROR;
				CLANG_WARN_QUOTED_INCLUDE_IN_FRAMEWORK_HEADER = YES;
				CLANG_WARN_RANGE_LOOP_ANALYSIS = YES;
				CLANG_WARN_STRICT_PROTOTYPES = YES;
				CLANG_WARN_SUSPICIOUS_MOVE = YES;
				CLANG_WARN_UNGUARDED_AVAILABILITY = YES_AGGRESSIVE;
				CLANG_WARN_UNREACHABLE_CODE = YES;
				CLANG_WARN__DUPLICATE_METHOD_MATCH = YES;
				COPY_PHASE_STRIP = NO;
				DEBUG_INFORMATION_FORMAT = "dwarf-with-dsym";
				ENABLE_NS_ASSERTIONS = NO;
				ENABLE_STRICT_OBJC_MSGSEND = YES;
				GCC_C_LANGUAGE_STANDARD = gnu11;
				GCC_NO_COMMON_BLOCKS = YES;
				GCC_WARN_64_TO_32_BIT_CONVERSION = YES;
				GCC_WARN_ABOUT_RETURN_TYPE = YES_ERROR;
				GCC_WARN_UNDECLARED_SELECTOR = YES;
				GCC_WARN_UNINITIALIZED_AUTOS = YES_AGGRESSIVE;
				GCC_WARN_UNUSED_FUNCTION = YES;
				GCC_WARN_UNUSED_VARIABLE = YES;
				IPHONEOS_DEPLOYMENT_TARGET = 15.2;
				MTL_ENABLE_DEBUG_INFO = NO;
				MTL_FAST_MATH = YES;
				SDKROOT = iphoneos;
				SWIFT_COMPILATION_MODE = wholemodule;
				SWIFT_OPTIMIZATION_LEVEL = "-O";
				VALIDATE_PRODUCT = YES;
			};
			name = Release;
		};
		1C98A6E327C43541008AD016 /* Debug */ = {
			isa = XCBuildConfiguration;
			buildSettings = {
				ASSETCATALOG_COMPILER_APPICON_NAME = AppIcon;
				ASSETCATALOG_COMPILER_GLOBAL_ACCENT_COLOR_NAME = AccentColor;
				CODE_SIGN_STYLE = Automatic;
				CURRENT_PROJECT_VERSION = 1;
				DEVELOPMENT_TEAM = 3UDCPC762B;
				GENERATE_INFOPLIST_FILE = YES;
				INFOPLIST_FILE = SwordHealthChallenge/Info.plist;
				INFOPLIST_KEY_UIApplicationSupportsIndirectInputEvents = YES;
				INFOPLIST_KEY_UILaunchStoryboardName = LaunchScreen;
				INFOPLIST_KEY_UISupportedInterfaceOrientations_iPad = "UIInterfaceOrientationPortrait UIInterfaceOrientationPortraitUpsideDown UIInterfaceOrientationLandscapeLeft UIInterfaceOrientationLandscapeRight";
				INFOPLIST_KEY_UISupportedInterfaceOrientations_iPhone = "UIInterfaceOrientationPortrait UIInterfaceOrientationLandscapeLeft UIInterfaceOrientationLandscapeRight";
				LD_RUNPATH_SEARCH_PATHS = (
					"$(inherited)",
					"@executable_path/Frameworks",
				);
				MARKETING_VERSION = 1.0;
				PRODUCT_BUNDLE_IDENTIFIER = pt.com.gustavosantos.SwordHealthChallenge;
				PRODUCT_NAME = "$(TARGET_NAME)";
				SWIFT_EMIT_LOC_STRINGS = YES;
				SWIFT_VERSION = 5.0;
				TARGETED_DEVICE_FAMILY = "1,2";
			};
			name = Debug;
		};
		1C98A6E427C43541008AD016 /* Release */ = {
			isa = XCBuildConfiguration;
			buildSettings = {
				ASSETCATALOG_COMPILER_APPICON_NAME = AppIcon;
				ASSETCATALOG_COMPILER_GLOBAL_ACCENT_COLOR_NAME = AccentColor;
				CODE_SIGN_STYLE = Automatic;
				CURRENT_PROJECT_VERSION = 1;
				DEVELOPMENT_TEAM = 3UDCPC762B;
				GENERATE_INFOPLIST_FILE = YES;
				INFOPLIST_FILE = SwordHealthChallenge/Info.plist;
				INFOPLIST_KEY_UIApplicationSupportsIndirectInputEvents = YES;
				INFOPLIST_KEY_UILaunchStoryboardName = LaunchScreen;
				INFOPLIST_KEY_UISupportedInterfaceOrientations_iPad = "UIInterfaceOrientationPortrait UIInterfaceOrientationPortraitUpsideDown UIInterfaceOrientationLandscapeLeft UIInterfaceOrientationLandscapeRight";
				INFOPLIST_KEY_UISupportedInterfaceOrientations_iPhone = "UIInterfaceOrientationPortrait UIInterfaceOrientationLandscapeLeft UIInterfaceOrientationLandscapeRight";
				LD_RUNPATH_SEARCH_PATHS = (
					"$(inherited)",
					"@executable_path/Frameworks",
				);
				MARKETING_VERSION = 1.0;
				PRODUCT_BUNDLE_IDENTIFIER = pt.com.gustavosantos.SwordHealthChallenge;
				PRODUCT_NAME = "$(TARGET_NAME)";
				SWIFT_EMIT_LOC_STRINGS = YES;
				SWIFT_VERSION = 5.0;
				TARGETED_DEVICE_FAMILY = "1,2";
			};
			name = Release;
		};
		1C98A6E627C43541008AD016 /* Debug */ = {
			isa = XCBuildConfiguration;
			buildSettings = {
				ALWAYS_EMBED_SWIFT_STANDARD_LIBRARIES = YES;
				BUNDLE_LOADER = "$(TEST_HOST)";
				CODE_SIGN_STYLE = Automatic;
				CURRENT_PROJECT_VERSION = 1;
				GENERATE_INFOPLIST_FILE = YES;
				IPHONEOS_DEPLOYMENT_TARGET = 15.2;
				MARKETING_VERSION = 1.0;
				PRODUCT_BUNDLE_IDENTIFIER = pt.com.gustavosantos.SwordHealthChallengeTests;
				PRODUCT_NAME = "$(TARGET_NAME)";
				SWIFT_EMIT_LOC_STRINGS = NO;
				SWIFT_VERSION = 5.0;
				TARGETED_DEVICE_FAMILY = "1,2";
				TEST_HOST = "$(BUILT_PRODUCTS_DIR)/SwordHealthChallenge.app/SwordHealthChallenge";
			};
			name = Debug;
		};
		1C98A6E727C43541008AD016 /* Release */ = {
			isa = XCBuildConfiguration;
			buildSettings = {
				ALWAYS_EMBED_SWIFT_STANDARD_LIBRARIES = YES;
				BUNDLE_LOADER = "$(TEST_HOST)";
				CODE_SIGN_STYLE = Automatic;
				CURRENT_PROJECT_VERSION = 1;
				GENERATE_INFOPLIST_FILE = YES;
				IPHONEOS_DEPLOYMENT_TARGET = 15.2;
				MARKETING_VERSION = 1.0;
				PRODUCT_BUNDLE_IDENTIFIER = pt.com.gustavosantos.SwordHealthChallengeTests;
				PRODUCT_NAME = "$(TARGET_NAME)";
				SWIFT_EMIT_LOC_STRINGS = NO;
				SWIFT_VERSION = 5.0;
				TARGETED_DEVICE_FAMILY = "1,2";
				TEST_HOST = "$(BUILT_PRODUCTS_DIR)/SwordHealthChallenge.app/SwordHealthChallenge";
			};
			name = Release;
		};
		1C98A6E927C43541008AD016 /* Debug */ = {
			isa = XCBuildConfiguration;
			buildSettings = {
				ALWAYS_EMBED_SWIFT_STANDARD_LIBRARIES = YES;
				CODE_SIGN_STYLE = Automatic;
				CURRENT_PROJECT_VERSION = 1;
				GENERATE_INFOPLIST_FILE = YES;
				MARKETING_VERSION = 1.0;
				PRODUCT_BUNDLE_IDENTIFIER = pt.com.gustavosantos.SwordHealthChallengeUITests;
				PRODUCT_NAME = "$(TARGET_NAME)";
				SWIFT_EMIT_LOC_STRINGS = NO;
				SWIFT_VERSION = 5.0;
				TARGETED_DEVICE_FAMILY = "1,2";
				TEST_TARGET_NAME = SwordHealthChallenge;
			};
			name = Debug;
		};
		1C98A6EA27C43541008AD016 /* Release */ = {
			isa = XCBuildConfiguration;
			buildSettings = {
				ALWAYS_EMBED_SWIFT_STANDARD_LIBRARIES = YES;
				CODE_SIGN_STYLE = Automatic;
				CURRENT_PROJECT_VERSION = 1;
				GENERATE_INFOPLIST_FILE = YES;
				MARKETING_VERSION = 1.0;
				PRODUCT_BUNDLE_IDENTIFIER = pt.com.gustavosantos.SwordHealthChallengeUITests;
				PRODUCT_NAME = "$(TARGET_NAME)";
				SWIFT_EMIT_LOC_STRINGS = NO;
				SWIFT_VERSION = 5.0;
				TARGETED_DEVICE_FAMILY = "1,2";
				TEST_TARGET_NAME = SwordHealthChallenge;
			};
			name = Release;
		};
/* End XCBuildConfiguration section */

/* Begin XCConfigurationList section */
		1C98A6B327C43540008AD016 /* Build configuration list for PBXProject "SwordHealthChallenge" */ = {
			isa = XCConfigurationList;
			buildConfigurations = (
				1C98A6E027C43541008AD016 /* Debug */,
				1C98A6E127C43541008AD016 /* Release */,
			);
			defaultConfigurationIsVisible = 0;
			defaultConfigurationName = Release;
		};
		1C98A6E227C43541008AD016 /* Build configuration list for PBXNativeTarget "SwordHealthChallenge" */ = {
			isa = XCConfigurationList;
			buildConfigurations = (
				1C98A6E327C43541008AD016 /* Debug */,
				1C98A6E427C43541008AD016 /* Release */,
			);
			defaultConfigurationIsVisible = 0;
			defaultConfigurationName = Release;
		};
		1C98A6E527C43541008AD016 /* Build configuration list for PBXNativeTarget "SwordHealthChallengeTests" */ = {
			isa = XCConfigurationList;
			buildConfigurations = (
				1C98A6E627C43541008AD016 /* Debug */,
				1C98A6E727C43541008AD016 /* Release */,
			);
			defaultConfigurationIsVisible = 0;
			defaultConfigurationName = Release;
		};
		1C98A6E827C43541008AD016 /* Build configuration list for PBXNativeTarget "SwordHealthChallengeUITests" */ = {
			isa = XCConfigurationList;
			buildConfigurations = (
				1C98A6E927C43541008AD016 /* Debug */,
				1C98A6EA27C43541008AD016 /* Release */,
			);
			defaultConfigurationIsVisible = 0;
			defaultConfigurationName = Release;
		};
/* End XCConfigurationList section */
	};
	rootObject = 1C98A6B027C43540008AD016 /* Project object */;
}
